
Microsoft Visual Studio Solution File, Format Version 12.00
# Visual Studio Version 17
VisualStudioVersion = 17.3.32819.101
MinimumVisualStudioVersion = 10.0.40219.1
Project("{FAE04EC0-301F-11D3-BF4B-00C04F79EFBC}") = "Hangman_game", "Hangman_game\Hangman_game.csproj", "{2CE6BBFA-51CD-44D1-9F9A-99A4188CE6E6}"
EndProject
Global
	GlobalSection(SolutionConfigurationPlatforms) = preSolution
		Debug|Any CPU = Debug|Any CPU
		Release|Any CPU = Release|Any CPU
	EndGlobalSection
	GlobalSection(ProjectConfigurationPlatforms) = postSolution
		{2CE6BBFA-51CD-44D1-9F9A-99A4188CE6E6}.Debug|Any CPU.ActiveCfg = Debug|Any CPU
		{2CE6BBFA-51CD-44D1-9F9A-99A4188CE6E6}.Debug|Any CPU.Build.0 = Debug|Any CPU
		{2CE6BBFA-51CD-44D1-9F9A-99A4188CE6E6}.Release|Any CPU.ActiveCfg = Release|Any CPU
		{2CE6BBFA-51CD-44D1-9F9A-99A4188CE6E6}.Release|Any CPU.Build.0 = Release|Any CPU
	EndGlobalSection
	GlobalSection(SolutionProperties) = preSolution
		HideSolutionNode = FALSE
	EndGlobalSection
	GlobalSection(ExtensibilityGlobals) = postSolution
		SolutionGuid = {CC9DE901-CC56-4DF2-B74D-037B2A46EB8F}
	EndGlobalSection
EndGlobal
